# 完整的依赖锁定文件
# Generated by pip-compile
# To update, run:
#    pip-compile requirements.in

# 生产核心依赖
fastapi==0.115.6
uvicorn[standard]==0.32.1
sqlalchemy==2.0.36
asyncpg==0.30.0
alembic==1.14.0
redis==5.2.1
pydantic==2.10.4
pydantic-settings==2.7.0
python-multipart==0.0.18
python-jose[cryptography]==3.3.0
passlib[bcrypt]==1.7.4
python-dotenv==1.0.1
httpx==0.28.1
prometheus-client==0.21.0
structlog==24.4.0
celery==5.4.0
kombu==5.4.2

# 开发依赖
ruff==0.8.4
mypy==1.13.0
black==24.10.0
isort==5.13.2
pytest==8.3.4
pytest-asyncio==0.24.0
pytest-cov==6.0.0
pytest-mock==3.14.0
pytest-xdist==3.6.1
factory-boy==3.3.1
pre-commit==4.0.1
ipython==8.31.0
jupyter==1.1.1
pip-tools==7.4.1
mkdocs==1.6.1
mkdocs-material==9.5.49

# 可选依赖
pandas==2.2.3
numpy==1.26.4
scikit-learn==1.5.2
joblib==1.4.2
mlflow==3.5.0
aiokafka==0.12.0
aio-pika==9.4.3
grafana-api==1.0.3
statsd==4.0.1
sentry-sdk==2.19.2
newrelic==9.4.0
